
Microsoft Visual Studio Solution File, Format Version 12.00
# Visual Studio Version 17
VisualStudioVersion = 17.14.36310.24 d17.14
MinimumVisualStudioVersion = 10.0.40219.1
Project("{FAE04EC0-301F-11D3-BF4B-00C04F79EFBC}") = "OrderManagementSystem", "OrderManagementSystem\OrderManagementSystem.csproj", "{166DBABE-F7ED-466E-B454-D03A526977FC}"
EndProject
Global
	GlobalSection(SolutionConfigurationPlatforms) = preSolution
		Debug|Any CPU = Debug|Any CPU
		Release|Any CPU = Release|Any CPU
	EndGlobalSection
	GlobalSection(ProjectConfigurationPlatforms) = postSolution
		{166DBABE-F7ED-466E-B454-D03A526977FC}.Debug|Any CPU.ActiveCfg = Debug|Any CPU
		{166DBABE-F7ED-466E-B454-D03A526977FC}.Debug|Any CPU.Build.0 = Debug|Any CPU
		{166DBABE-F7ED-466E-B454-D03A526977FC}.Release|Any CPU.ActiveCfg = Release|Any CPU
		{166DBABE-F7ED-466E-B454-D03A526977FC}.Release|Any CPU.Build.0 = Release|Any CPU
	EndGlobalSection
	GlobalSection(SolutionProperties) = preSolution
		HideSolutionNode = FALSE
	EndGlobalSection
	GlobalSection(ExtensibilityGlobals) = postSolution
		SolutionGuid = {FEF3697B-9262-42F8-B1E0-836BCF63E5AA}
	EndGlobalSection
EndGlobal
